// !$*UTF8*$!
{
	archiveVersion = 1;
	classes = {
	};
	objectVersion = 48;
	objects = {

/* Begin PBXBuildFile section */
		B1203E6E1F8781A6008CE19E /* BartViewController.swift in Sources */ = {isa = PBXBuildFile; fileRef = B1203E6D1F8781A6008CE19E /* BartViewController.swift */; };
		B1355B841F877DFA00C5786C /* AppDelegate.swift in Sources */ = {isa = PBXBuildFile; fileRef = B1355B831F877DFA00C5786C /* AppDelegate.swift */; };
		B1355B861F877DFA00C5786C /* ViewController.swift in Sources */ = {isa = PBXBuildFile; fileRef = B1355B851F877DFA00C5786C /* ViewController.swift */; };
		B1355B891F877DFA00C5786C /* Main.storyboard in Resources */ = {isa = PBXBuildFile; fileRef = B1355B871F877DFA00C5786C /* Main.storyboard */; };
		B1355B8B1F877DFA00C5786C /* Assets.xcassets in Resources */ = {isa = PBXBuildFile; fileRef = B1355B8A1F877DFA00C5786C /* Assets.xcassets */; };
		B1355B8E1F877DFA00C5786C /* LaunchScreen.storyboard in Resources */ = {isa = PBXBuildFile; fileRef = B1355B8C1F877DFA00C5786C /* LaunchScreen.storyboard */; };
		B1355B961F87807100C5786C /* HomerViewController.swift in Sources */ = {isa = PBXBuildFile; fileRef = B1355B951F87807100C5786C /* HomerViewController.swift */; };
/* End PBXBuildFile section */

/* Begin PBXFileReference section */
		B1203E6D1F8781A6008CE19E /* BartViewController.swift */ = {isa = PBXFileReference; lastKnownFileType = sourcecode.swift; path = BartViewController.swift; sourceTree = "<group>"; };
		B1355B801F877DFA00C5786C /* Notification Pattern.app */ = {isa = PBXFileReference; explicitFileType = wrapper.application; includeInIndex = 0; path = "Notification Pattern.app"; sourceTree = BUILT_PRODUCTS_DIR; };
		B1355B831F877DFA00C5786C /* AppDelegate.swift */ = {isa = PBXFileReference; lastKnownFileType = sourcecode.swift; path = AppDelegate.swift; sourceTree = "<group>"; };
		B1355B851F877DFA00C5786C /* ViewController.swift */ = {isa = PBXFileReference; lastKnownFileType = sourcecode.swift; path = ViewController.swift; sourceTree = "<group>"; };
		B1355B881F877DFA00C5786C /* Base */ = {isa = PBXFileReference; lastKnownFileType = file.storyboard; name = Base; path = Base.lproj/Main.storyboard; sourceTree = "<group>"; };
		B1355B8A1F877DFA00C5786C /* Assets.xcassets */ = {isa = PBXFileReference; lastKnownFileType = folder.assetcatalog; path = Assets.xcassets; sourceTree = "<group>"; };
		B1355B8D1F877DFA00C5786C /* Base */ = {isa = PBXFileReference; lastKnownFileType = file.storyboard; name = Base; path = Base.lproj/LaunchScreen.storyboard; sourceTree = "<group>"; };
		B1355B8F1F877DFA00C5786C /* Info.plist */ = {isa = PBXFileReference; lastKnownFileType = text.plist.xml; path = Info.plist; sourceTree = "<group>"; };
		B1355B951F87807100C5786C /* HomerViewController.swift */ = {isa = PBXFileReference; lastKnownFileType = sourcecode.swift; path = HomerViewController.swift; sourceTree = "<group>"; };
/* End PBXFileReference section */

/* Begin PBXFrameworksBuildPhase section */
		B1355B7D1F877DFA00C5786C /* Frameworks */ = {
			isa = PBXFrameworksBuildPhase;
			buildActionMask = 2147483647;
			files = (
			);
			runOnlyForDeploymentPostprocessing = 0;
		};
/* End PBXFrameworksBuildPhase section */

/* Begin PBXGroup section */
		B1355B771F877DFA00C5786C = {
			isa = PBXGroup;
			children = (
				B1355B821F877DFA00C5786C /* Notification Pattern */,
				B1355B811F877DFA00C5786C /* Products */,
			);
			sourceTree = "<group>";
		};
		B1355B811F877DFA00C5786C /* Products */ = {
			isa = PBXGroup;
			children = (
				B1355B801F877DFA00C5786C /* Notification Pattern.app */,
			);
			name = Products;
			sourceTree = "<group>";
		};
		B1355B821F877DFA00C5786C /* Notification Pattern */ = {
			isa = PBXGroup;
			children = (
				B1355B831F877DFA00C5786C /* AppDelegate.swift */,
				B1355B851F877DFA00C5786C /* ViewController.swift */,
				B1355B871F877DFA00C5786C /* Main.storyboard */,
				B1203E6D1F8781A6008CE19E /* BartViewController.swift */,
				B1355B951F87807100C5786C /* HomerViewController.swift */,
				B1355B8A1F877DFA00C5786C /* Assets.xcassets */,
				B1355B8C1F877DFA00C5786C /* LaunchScreen.storyboard */,
				B1355B8F1F877DFA00C5786C /* Info.plist */,
			);
			path = "Notification Pattern";
			sourceTree = "<group>";
		};
/* End PBXGroup section */

/* Begin PBXNativeTarget section */
		B1355B7F1F877DFA00C5786C /* Notification Pattern */ = {
			isa = PBXNativeTarget;
			buildConfigurationList = B1355B921F877DFA00C5786C /* Build configuration list for PBXNativeTarget "Notification Pattern" */;
			buildPhases = (
				B1355B7C1F877DFA00C5786C /* Sources */,
				B1355B7D1F877DFA00C5786C /* Frameworks */,
				B1355B7E1F877DFA00C5786C /* Resources */,
			);
			buildRules = (
			);
			dependencies = (
			);
			name = "Notification Pattern";
			productName = "Notification Pattern";
			productReference = B1355B801F877DFA00C5786C /* Notification Pattern.app */;
			productType = "com.apple.product-type.application";
		};
/* End PBXNativeTarget section */

/* Begin PBXProject section */
		B1355B781F877DFA00C5786C /* Project object */ = {
			isa = PBXProject;
			attributes = {
				LastSwiftUpdateCheck = 0900;
				LastUpgradeCheck = 0900;
				ORGANIZATIONNAME = "Miklos Kekkoi";
				TargetAttributes = {
					B1355B7F1F877DFA00C5786C = {
						CreatedOnToolsVersion = 9.0;
						ProvisioningStyle = Automatic;
					};
				};
			};
			buildConfigurationList = B1355B7B1F877DFA00C5786C /* Build configuration list for PBXProject "Notification Pattern" */;
			compatibilityVersion = "Xcode 8.0";
			developmentRegion = en;
			hasScannedForEncodings = 0;
			knownRegions = (
				en,
				Base,
			);
			mainGroup = B1355B771F877DFA00C5786C;
			productRefGroup = B1355B811F877DFA00C5786C /* Products */;
			projectDirPath = "";
			projectRoot = "";
			targets = (
				B1355B7F1F877DFA00C5786C /* Notification Pattern */,
			);
		};
/* End PBXProject section */

/* Begin PBXResourcesBuildPhase section */
		B1355B7E1F877DFA00C5786C /* Resources */ = {
			isa = PBXResourcesBuildPhase;
			buildActionMask = 2147483647;
			files = (
				B1355B8E1F877DFA00C5786C /* LaunchScreen.storyboard in Resources */,
				B1355B8B1F877DFA00C5786C /* Assets.xcassets in Resources */,
				B1355B891F877DFA00C5786C /* Main.storyboard in Resources */,
			);
			runOnlyForDeploymentPostprocessing = 0;
		};
/* End PBXResourcesBuildPhase section */

/* Begin PBXSourcesBuildPhase section */
		B1355B7C1F877DFA00C5786C /* Sources */ = {
			isa = PBXSourcesBuildPhase;
			buildActionMask = 2147483647;
			files = (
				B1355B861F877DFA00C5786C /* ViewController.swift in Sources */,
				B1355B961F87807100C5786C /* HomerViewController.swift in Sources */,
				B1355B841F877DFA00C5786C /* AppDelegate.swift in Sources */,
				B1203E6E1F8781A6008CE19E /* BartViewController.swift in Sources */,
			);
			runOnlyForDeploymentPostprocessing = 0;
		};
/* End PBXSourcesBuildPhase section */

/* Begin PBXVariantGroup section */
		B1355B871F877DFA00C5786C /* Main.storyboard */ = {
			isa = PBXVariantGroup;
			children = (
				B1355B881F877DFA00C5786C /* Base */,
			);
			name = Main.storyboard;
			sourceTree = "<group>";
		};
		B1355B8C1F877DFA00C5786C /* LaunchScreen.storyboard */ = {
			isa = PBXVariantGroup;
			children = (
				B1355B8D1F877DFA00C5786C /* Base */,
			);
			name = LaunchScreen.storyboard;
			sourceTree = "<group>";
		};
/* End PBXVariantGroup section */

/* Begin XCBuildConfiguration section */
		B1355B901F877DFA00C5786C /* Debug */ = {
			isa = XCBuildConfiguration;
			buildSettings = {
				ALWAYS_SEARCH_USER_PATHS = NO;
				CLANG_ANALYZER_NONNULL = YES;
				CLANG_ANALYZER_NUMBER_OBJECT_CONVERSION = YES_AGGRESSIVE;
				CLANG_CXX_LANGUAGE_STANDARD = "gnu++14";
				CLANG_CXX_LIBRARY = "libc++";
				CLANG_ENABLE_MODULES = YES;
				CLANG_ENABLE_OBJC_ARC = YES;
				CLANG_WARN_BLOCK_CAPTURE_AUTORELEASING = YES;
				CLANG_WARN_BOOL_CONVERSION = YES;
				CLANG_WARN_COMMA = YES;
				CLANG_WARN_CONSTANT_CONVERSION = YES;
				CLANG_WARN_DIRECT_OBJC_ISA_USAGE = YES_ERROR;
				CLANG_WARN_DOCUMENTATION_COMMENTS = YES;
				CLANG_WARN_EMPTY_BODY = YES;
				CLANG_WARN_ENUM_CONVERSION = YES;
				CLANG_WARN_INFINITE_RECURSION = YES;
				CLANG_WARN_INT_CONVERSION = YES;
				CLANG_WARN_NON_LITERAL_NULL_CONVERSION = YES;
				CLANG_WARN_OBJC_LITERAL_CONVERSION = YES;
				CLANG_WARN_OBJC_ROOT_CLASS = YES_ERROR;
				CLANG_WARN_RANGE_LOOP_ANALYSIS = YES;
				CLANG_WARN_STRICT_PROTOTYPES = YES;
				CLANG_WARN_SUSPICIOUS_MOVE = YES;
				CLANG_WARN_UNGUARDED_AVAILABILITY = YES_AGGRESSIVE;
				CLANG_WARN_UNREACHABLE_CODE = YES;
				CLANG_WARN__DUPLICATE_METHOD_MATCH = YES;
				CODE_SIGN_IDENTITY = "iPhone Developer";
				COPY_PHASE_STRIP = NO;
				DEBUG_INFORMATION_FORMAT = dwarf;
				ENABLE_STRICT_OBJC_MSGSEND = YES;
				ENABLE_TESTABILITY = YES;
				GCC_C_LANGUAGE_STANDARD = gnu11;
				GCC_DYNAMIC_NO_PIC = NO;
				GCC_NO_COMMON_BLOCKS = YES;
				GCC_OPTIMIZATION_LEVEL = 0;
				GCC_PREPROCESSOR_DEFINITIONS = (
					"DEBUG=1",
					"$(inherited)",
				);
				GCC_WARN_64_TO_32_BIT_CONVERSION = YES;
				GCC_WARN_ABOUT_RETURN_TYPE = YES_ERROR;
				GCC_WARN_UNDECLARED_SELECTOR = YES;
				GCC_WARN_UNINITIALIZED_AUTOS = YES_AGGRESSIVE;
				GCC_WARN_UNUSED_FUNCTION = YES;
				GCC_WARN_UNUSED_VARIABLE = YES;
				IPHONEOS_DEPLOYMENT_TARGET = 11.0;
				MTL_ENABLE_DEBUG_INFO = YES;
				ONLY_ACTIVE_ARCH = YES;
				SDKROOT = iphoneos;
				SWIFT_ACTIVE_COMPILATION_CONDITIONS = DEBUG;
				SWIFT_OPTIMIZATION_LEVEL = "-Onone";
			};
			name = Debug;
		};
		B1355B911F877DFA00C5786C /* Release */ = {
			isa = XCBuildConfiguration;
			buildSettings = {
				ALWAYS_SEARCH_USER_PATHS = NO;
				CLANG_ANALYZER_NONNULL = YES;
				CLANG_ANALYZER_NUMBER_OBJECT_CONVERSION = YES_AGGRESSIVE;
				CLANG_CXX_LANGUAGE_STANDARD = "gnu++14";
				CLANG_CXX_LIBRARY = "libc++";
				CLANG_ENABLE_MODULES = YES;
				CLANG_ENABLE_OBJC_ARC = YES;
				CLANG_WARN_BLOCK_CAPTURE_AUTORELEASING = YES;
				CLANG_WARN_BOOL_CONVERSION = YES;
				CLANG_WARN_COMMA = YES;
				CLANG_WARN_CONSTANT_CONVERSION = YES;
				CLANG_WARN_DIRECT_OBJC_ISA_USAGE = YES_ERROR;
				CLANG_WARN_DOCUMENTATION_COMMENTS = YES;
				CLANG_WARN_EMPTY_BODY = YES;
				CLANG_WARN_ENUM_CONVERSION = YES;
				CLANG_WARN_INFINITE_RECURSION = YES;
				CLANG_WARN_INT_CONVERSION = YES;
				CLANG_WARN_NON_LITERAL_NULL_CONVERSION = YES;
				CLANG_WARN_OBJC_LITERAL_CONVERSION = YES;
				CLANG_WARN_OBJC_ROOT_CLASS = YES_ERROR;
				CLANG_WARN_RANGE_LOOP_ANALYSIS = YES;
				CLANG_WARN_STRICT_PROTOTYPES = YES;
				CLANG_WARN_SUSPICIOUS_MOVE = YES;
				CLANG_WARN_UNGUARDED_AVAILABILITY = YES_AGGRESSIVE;
				CLANG_WARN_UNREACHABLE_CODE = YES;
				CLANG_WARN__DUPLICATE_METHOD_MATCH = YES;
				CODE_SIGN_IDENTITY = "iPhone Developer";
				COPY_PHASE_STRIP = NO;
				DEBUG_INFORMATION_FORMAT = "dwarf-with-dsym";
				ENABLE_NS_ASSERTIONS = NO;
				ENABLE_STRICT_OBJC_MSGSEND = YES;
				GCC_C_LANGUAGE_STANDARD = gnu11;
				GCC_NO_COMMON_BLOCKS = YES;
				GCC_WARN_64_TO_32_BIT_CONVERSION = YES;
				GCC_WARN_ABOUT_RETURN_TYPE = YES_ERROR;
				GCC_WARN_UNDECLARED_SELECTOR = YES;
				GCC_WARN_UNINITIALIZED_AUTOS = YES_AGGRESSIVE;
				GCC_WARN_UNUSED_FUNCTION = YES;
				GCC_WARN_UNUSED_VARIABLE = YES;
				IPHONEOS_DEPLOYMENT_TARGET = 11.0;
				MTL_ENABLE_DEBUG_INFO = NO;
				SDKROOT = iphoneos;
				SWIFT_OPTIMIZATION_LEVEL = "-Owholemodule";
				VALIDATE_PRODUCT = YES;
			};
			name = Release;
		};
		B1355B931F877DFA00C5786C /* Debug */ = {
			isa = XCBuildConfiguration;
			buildSettings = {
				ASSETCATALOG_COMPILER_APPICON_NAME = AppIcon;
				CODE_SIGN_STYLE = Automatic;
				DEVELOPMENT_TEAM = 28RGLCMMVL;
				INFOPLIST_FILE = "Notification Pattern/Info.plist";
				LD_RUNPATH_SEARCH_PATHS = "$(inherited) @executable_path/Frameworks";
				PRODUCT_BUNDLE_IDENTIFIER = "com.kekkoi.Notification-Pattern";
				PRODUCT_NAME = "$(TARGET_NAME)";
				SWIFT_VERSION = 4.0;
				TARGETED_DEVICE_FAMILY = "1,2";
			};
			name = Debug;
		};
		B1355B941F877DFA00C5786C /* Release */ = {
			isa = XCBuildConfiguration;
			buildSettings = {
				ASSETCATALOG_COMPILER_APPICON_NAME = AppIcon;
				CODE_SIGN_STYLE = Automatic;
				DEVELOPMENT_TEAM = 28RGLCMMVL;
				INFOPLIST_FILE = "Notification Pattern/Info.plist";
				LD_RUNPATH_SEARCH_PATHS = "$(inherited) @executable_path/Frameworks";
				PRODUCT_BUNDLE_IDENTIFIER = "com.kekkoi.Notification-Pattern";
				PRODUCT_NAME = "$(TARGET_NAME)";
				SWIFT_VERSION = 4.0;
				TARGETED_DEVICE_FAMILY = "1,2";
			};
			name = Release;
		};
/* End XCBuildConfiguration section */

/* Begin XCConfigurationList section */
		B1355B7B1F877DFA00C5786C /* Build configuration list for PBXProject "Notification Pattern" */ = {
			isa = XCConfigurationList;
			buildConfigurations = (
				B1355B901F877DFA00C5786C /* Debug */,
				B1355B911F877DFA00C5786C /* Release */,
			);
			defaultConfigurationIsVisible = 0;
			defaultConfigurationName = Release;
		};
		B1355B921F877DFA00C5786C /* Build configuration list for PBXNativeTarget "Notification Pattern" */ = {
			isa = XCConfigurationList;
			buildConfigurations = (
				B1355B931F877DFA00C5786C /* Debug */,
				B1355B941F877DFA00C5786C /* Release */,
			);
			defaultConfigurationIsVisible = 0;
			defaultConfigurationName = Release;
		};
/* End XCConfigurationList section */
	};
	rootObject = B1355B781F877DFA00C5786C /* Project object */;
}
